
Microsoft Visual Studio Solution File, Format Version 12.00
# Visual Studio Version 16
VisualStudioVersion = 16.0.32413.511
MinimumVisualStudioVersion = 10.0.40219.1
Project("{9A19103F-16F7-4668-BE54-9A1E7A4F7556}") = "Infrastructure", "Task2\Data\Infrastructure.csproj", "{1BAE6D45-67AF-4B98-8E06-2549210E4756}"
EndProject
Project("{9A19103F-16F7-4668-BE54-9A1E7A4F7556}") = "Business", "Task2\Business\Business.csproj", "{6A08232C-FEDD-4F02-900A-E4FB33182454}"
EndProject
Project("{2150E333-8FDC-42A3-9474-1A3956D46DE8}") = "Task_1", "Task_1", "{D83EF90B-F536-48D2-A25A-770630A48B5D}"
EndProject
Project("{9A19103F-16F7-4668-BE54-9A1E7A4F7556}") = "Layered.Tests", "Task1\Layered.Tests\Layered.Tests.csproj", "{1BB0AC01-D91B-43B8-9959-7D1CCC93EA3F}"
EndProject
Project("{2150E333-8FDC-42A3-9474-1A3956D46DE8}") = "Task_2", "Task_2", "{356056B6-0945-44DF-B79A-3AD1318B6421}"
EndProject
Project("{9A19103F-16F7-4668-BE54-9A1E7A4F7556}") = "Domain", "Task2\Domain\Domain.csproj", "{56A1E40F-191D-45DD-8CC4-8E1808C54C04}"
EndProject
Project("{2150E333-8FDC-42A3-9474-1A3956D46DE8}") = "Tests", "Tests", "{74EED4A7-1DEF-4F93-95A9-4646BEDFA486}"
EndProject
Project("{9A19103F-16F7-4668-BE54-9A1E7A4F7556}") = "Business.Integration.Tests", "Task2\Business.Tests\Business.Integration.Tests.csproj", "{40AFB8B7-9573-49A8-B4B8-B3DC8CCC2210}"
EndProject
Project("{9A19103F-16F7-4668-BE54-9A1E7A4F7556}") = "Layered", "Task1\Layered\Layered.csproj", "{AAEB1113-7DB2-47B4-9C63-E56766DD76BA}"
EndProject
Project("{9A19103F-16F7-4668-BE54-9A1E7A4F7556}") = "WebApi", "Task1\WebApi\WebApi.csproj", "{BD4AD34A-215C-4C23-851D-42150762754D}"
EndProject
Project("{9A19103F-16F7-4668-BE54-9A1E7A4F7556}") = "WebApi", "Task2\WebApi\WebApi.csproj", "{31B1E17D-23A6-4855-9BBB-0BBBB3BE56B6}"
EndProject
Project("{9A19103F-16F7-4668-BE54-9A1E7A4F7556}") = "QueueClient", "..\QueueClient\QueueClient.csproj", "{38E6DF91-C7EA-4535-AB52-D8EC00D5DF6E}"
EndProject
Project("{9A19103F-16F7-4668-BE54-9A1E7A4F7556}") = "ApiGateway", "ApiGateway\ApiGateway.csproj", "{70AED29E-3EDF-4042-A1FD-8F2A8708C874}"
EndProject
Project("{9A19103F-16F7-4668-BE54-9A1E7A4F7556}") = "IdentityServer", "identity\IdentityServer\IdentityServer.csproj", "{66B1ACC1-B8FC-494C-9123-2E5470B77634}"
EndProject
Project("{9A19103F-16F7-4668-BE54-9A1E7A4F7556}") = "MvcClient", "MvcClient\MvcClient.csproj", "{F24A6A93-2E6F-4436-8266-2E06B08AB8D3}"
EndProject
Project("{9A19103F-16F7-4668-BE54-9A1E7A4F7556}") = "GraphQLApi", "Task2\GraphQLApi\GraphQLApi.csproj", "{63780086-7A7A-48C5-9F1E-315A47F01D46}"
EndProject
Project("{2150E333-8FDC-42A3-9474-1A3956D46DE8}") = "Solution Items", "Solution Items", "{A363FD47-14C1-4690-ABF1-C361A3270B27}"
	ProjectSection(SolutionItems) = preProject
		.editorconfig = .editorconfig
	EndProjectSection
EndProject
Global
	GlobalSection(SolutionConfigurationPlatforms) = preSolution
		Debug|Any CPU = Debug|Any CPU
		Release|Any CPU = Release|Any CPU
	EndGlobalSection
	GlobalSection(ProjectConfigurationPlatforms) = postSolution
		{1BAE6D45-67AF-4B98-8E06-2549210E4756}.Debug|Any CPU.ActiveCfg = Debug|Any CPU
		{1BAE6D45-67AF-4B98-8E06-2549210E4756}.Debug|Any CPU.Build.0 = Debug|Any CPU
		{1BAE6D45-67AF-4B98-8E06-2549210E4756}.Release|Any CPU.ActiveCfg = Release|Any CPU
		{1BAE6D45-67AF-4B98-8E06-2549210E4756}.Release|Any CPU.Build.0 = Release|Any CPU
		{6A08232C-FEDD-4F02-900A-E4FB33182454}.Debug|Any CPU.ActiveCfg = Debug|Any CPU
		{6A08232C-FEDD-4F02-900A-E4FB33182454}.Debug|Any CPU.Build.0 = Debug|Any CPU
		{6A08232C-FEDD-4F02-900A-E4FB33182454}.Release|Any CPU.ActiveCfg = Release|Any CPU
		{6A08232C-FEDD-4F02-900A-E4FB33182454}.Release|Any CPU.Build.0 = Release|Any CPU
		{1BB0AC01-D91B-43B8-9959-7D1CCC93EA3F}.Debug|Any CPU.ActiveCfg = Debug|Any CPU
		{1BB0AC01-D91B-43B8-9959-7D1CCC93EA3F}.Debug|Any CPU.Build.0 = Debug|Any CPU
		{1BB0AC01-D91B-43B8-9959-7D1CCC93EA3F}.Release|Any CPU.ActiveCfg = Release|Any CPU
		{1BB0AC01-D91B-43B8-9959-7D1CCC93EA3F}.Release|Any CPU.Build.0 = Release|Any CPU
		{56A1E40F-191D-45DD-8CC4-8E1808C54C04}.Debug|Any CPU.ActiveCfg = Debug|Any CPU
		{56A1E40F-191D-45DD-8CC4-8E1808C54C04}.Debug|Any CPU.Build.0 = Debug|Any CPU
		{56A1E40F-191D-45DD-8CC4-8E1808C54C04}.Release|Any CPU.ActiveCfg = Release|Any CPU
		{56A1E40F-191D-45DD-8CC4-8E1808C54C04}.Release|Any CPU.Build.0 = Release|Any CPU
		{40AFB8B7-9573-49A8-B4B8-B3DC8CCC2210}.Debug|Any CPU.ActiveCfg = Debug|Any CPU
		{40AFB8B7-9573-49A8-B4B8-B3DC8CCC2210}.Debug|Any CPU.Build.0 = Debug|Any CPU
		{40AFB8B7-9573-49A8-B4B8-B3DC8CCC2210}.Release|Any CPU.ActiveCfg = Release|Any CPU
		{40AFB8B7-9573-49A8-B4B8-B3DC8CCC2210}.Release|Any CPU.Build.0 = Release|Any CPU
		{AAEB1113-7DB2-47B4-9C63-E56766DD76BA}.Debug|Any CPU.ActiveCfg = Debug|Any CPU
		{AAEB1113-7DB2-47B4-9C63-E56766DD76BA}.Debug|Any CPU.Build.0 = Debug|Any CPU
		{AAEB1113-7DB2-47B4-9C63-E56766DD76BA}.Release|Any CPU.ActiveCfg = Release|Any CPU
		{AAEB1113-7DB2-47B4-9C63-E56766DD76BA}.Release|Any CPU.Build.0 = Release|Any CPU
		{BD4AD34A-215C-4C23-851D-42150762754D}.Debug|Any CPU.ActiveCfg = Debug|Any CPU
		{BD4AD34A-215C-4C23-851D-42150762754D}.Debug|Any CPU.Build.0 = Debug|Any CPU
		{BD4AD34A-215C-4C23-851D-42150762754D}.Release|Any CPU.ActiveCfg = Release|Any CPU
		{BD4AD34A-215C-4C23-851D-42150762754D}.Release|Any CPU.Build.0 = Release|Any CPU
		{31B1E17D-23A6-4855-9BBB-0BBBB3BE56B6}.Debug|Any CPU.ActiveCfg = Debug|Any CPU
		{31B1E17D-23A6-4855-9BBB-0BBBB3BE56B6}.Debug|Any CPU.Build.0 = Debug|Any CPU
		{31B1E17D-23A6-4855-9BBB-0BBBB3BE56B6}.Release|Any CPU.ActiveCfg = Release|Any CPU
		{31B1E17D-23A6-4855-9BBB-0BBBB3BE56B6}.Release|Any CPU.Build.0 = Release|Any CPU
		{38E6DF91-C7EA-4535-AB52-D8EC00D5DF6E}.Debug|Any CPU.ActiveCfg = Debug|Any CPU
		{38E6DF91-C7EA-4535-AB52-D8EC00D5DF6E}.Debug|Any CPU.Build.0 = Debug|Any CPU
		{38E6DF91-C7EA-4535-AB52-D8EC00D5DF6E}.Release|Any CPU.ActiveCfg = Release|Any CPU
		{38E6DF91-C7EA-4535-AB52-D8EC00D5DF6E}.Release|Any CPU.Build.0 = Release|Any CPU
		{70AED29E-3EDF-4042-A1FD-8F2A8708C874}.Debug|Any CPU.ActiveCfg = Debug|Any CPU
		{70AED29E-3EDF-4042-A1FD-8F2A8708C874}.Debug|Any CPU.Build.0 = Debug|Any CPU
		{70AED29E-3EDF-4042-A1FD-8F2A8708C874}.Release|Any CPU.ActiveCfg = Release|Any CPU
		{70AED29E-3EDF-4042-A1FD-8F2A8708C874}.Release|Any CPU.Build.0 = Release|Any CPU
		{66B1ACC1-B8FC-494C-9123-2E5470B77634}.Debug|Any CPU.ActiveCfg = Debug|Any CPU
		{66B1ACC1-B8FC-494C-9123-2E5470B77634}.Debug|Any CPU.Build.0 = Debug|Any CPU
		{66B1ACC1-B8FC-494C-9123-2E5470B77634}.Release|Any CPU.ActiveCfg = Release|Any CPU
		{66B1ACC1-B8FC-494C-9123-2E5470B77634}.Release|Any CPU.Build.0 = Release|Any CPU
		{F24A6A93-2E6F-4436-8266-2E06B08AB8D3}.Debug|Any CPU.ActiveCfg = Debug|Any CPU
		{F24A6A93-2E6F-4436-8266-2E06B08AB8D3}.Debug|Any CPU.Build.0 = Debug|Any CPU
		{F24A6A93-2E6F-4436-8266-2E06B08AB8D3}.Release|Any CPU.ActiveCfg = Release|Any CPU
		{F24A6A93-2E6F-4436-8266-2E06B08AB8D3}.Release|Any CPU.Build.0 = Release|Any CPU
		{63780086-7A7A-48C5-9F1E-315A47F01D46}.Debug|Any CPU.ActiveCfg = Debug|Any CPU
		{63780086-7A7A-48C5-9F1E-315A47F01D46}.Debug|Any CPU.Build.0 = Debug|Any CPU
		{63780086-7A7A-48C5-9F1E-315A47F01D46}.Release|Any CPU.ActiveCfg = Release|Any CPU
		{63780086-7A7A-48C5-9F1E-315A47F01D46}.Release|Any CPU.Build.0 = Release|Any CPU
	EndGlobalSection
	GlobalSection(SolutionProperties) = preSolution
		HideSolutionNode = FALSE
	EndGlobalSection
	GlobalSection(NestedProjects) = preSolution
		{1BAE6D45-67AF-4B98-8E06-2549210E4756} = {356056B6-0945-44DF-B79A-3AD1318B6421}
		{6A08232C-FEDD-4F02-900A-E4FB33182454} = {356056B6-0945-44DF-B79A-3AD1318B6421}
		{1BB0AC01-D91B-43B8-9959-7D1CCC93EA3F} = {D83EF90B-F536-48D2-A25A-770630A48B5D}
		{56A1E40F-191D-45DD-8CC4-8E1808C54C04} = {356056B6-0945-44DF-B79A-3AD1318B6421}
		{74EED4A7-1DEF-4F93-95A9-4646BEDFA486} = {356056B6-0945-44DF-B79A-3AD1318B6421}
		{40AFB8B7-9573-49A8-B4B8-B3DC8CCC2210} = {74EED4A7-1DEF-4F93-95A9-4646BEDFA486}
		{AAEB1113-7DB2-47B4-9C63-E56766DD76BA} = {D83EF90B-F536-48D2-A25A-770630A48B5D}
		{BD4AD34A-215C-4C23-851D-42150762754D} = {D83EF90B-F536-48D2-A25A-770630A48B5D}
		{31B1E17D-23A6-4855-9BBB-0BBBB3BE56B6} = {356056B6-0945-44DF-B79A-3AD1318B6421}
		{63780086-7A7A-48C5-9F1E-315A47F01D46} = {356056B6-0945-44DF-B79A-3AD1318B6421}
	EndGlobalSection
	GlobalSection(ExtensibilityGlobals) = postSolution
		SolutionGuid = {D4301939-0F50-4C9A-B853-4243EE7D0AD8}
	EndGlobalSection
EndGlobal
